
Microsoft Visual Studio Solution File, Format Version 12.00
# Visual Studio Version 16
VisualStudioVersion = 16.0.31025.194
MinimumVisualStudioVersion = 10.0.40219.1
Project("{9A19103F-16F7-4668-BE54-9A1E7A4F7556}") = "MyAPI", "MyAPI\MyAPI.csproj", "{F9072D73-82EE-40BB-9AE8-635CCD77B2A3}"
EndProject
Project("{9A19103F-16F7-4668-BE54-9A1E7A4F7556}") = "Infrastructure", "Infrastructure\Infrastructure.csproj", "{BEF7AFA1-4924-4382-82B6-FD1CCB178AE8}"
EndProject
Project("{9A19103F-16F7-4668-BE54-9A1E7A4F7556}") = "Abstractions", "Abstractions\Abstractions.csproj", "{469D221D-476B-4CEA-96F4-6D0EEBAF9E0E}"
EndProject
Project("{9A19103F-16F7-4668-BE54-9A1E7A4F7556}") = "MyAPI.Tests", "MyAPI.Tests\MyAPI.Tests.csproj", "{CAB3C393-819B-4978-8353-FBB0119EAEA3}"
EndProject
Project("{FAE04EC0-301F-11D3-BF4B-00C04F79EFBC}") = "Core", "Core\Core.csproj", "{735D6731-D3A0-49B8-AD8A-CFD0B7A56DB0}"
EndProject
Global
	GlobalSection(SolutionConfigurationPlatforms) = preSolution
		Debug|Any CPU = Debug|Any CPU
		Release|Any CPU = Release|Any CPU
	EndGlobalSection
	GlobalSection(ProjectConfigurationPlatforms) = postSolution
		{F9072D73-82EE-40BB-9AE8-635CCD77B2A3}.Debug|Any CPU.ActiveCfg = Debug|Any CPU
		{F9072D73-82EE-40BB-9AE8-635CCD77B2A3}.Debug|Any CPU.Build.0 = Debug|Any CPU
		{F9072D73-82EE-40BB-9AE8-635CCD77B2A3}.Release|Any CPU.ActiveCfg = Release|Any CPU
		{F9072D73-82EE-40BB-9AE8-635CCD77B2A3}.Release|Any CPU.Build.0 = Release|Any CPU
		{BEF7AFA1-4924-4382-82B6-FD1CCB178AE8}.Debug|Any CPU.ActiveCfg = Debug|Any CPU
		{BEF7AFA1-4924-4382-82B6-FD1CCB178AE8}.Debug|Any CPU.Build.0 = Debug|Any CPU
		{BEF7AFA1-4924-4382-82B6-FD1CCB178AE8}.Release|Any CPU.ActiveCfg = Release|Any CPU
		{BEF7AFA1-4924-4382-82B6-FD1CCB178AE8}.Release|Any CPU.Build.0 = Release|Any CPU
		{469D221D-476B-4CEA-96F4-6D0EEBAF9E0E}.Debug|Any CPU.ActiveCfg = Debug|Any CPU
		{469D221D-476B-4CEA-96F4-6D0EEBAF9E0E}.Debug|Any CPU.Build.0 = Debug|Any CPU
		{469D221D-476B-4CEA-96F4-6D0EEBAF9E0E}.Release|Any CPU.ActiveCfg = Release|Any CPU
		{469D221D-476B-4CEA-96F4-6D0EEBAF9E0E}.Release|Any CPU.Build.0 = Release|Any CPU
		{CAB3C393-819B-4978-8353-FBB0119EAEA3}.Debug|Any CPU.ActiveCfg = Debug|Any CPU
		{CAB3C393-819B-4978-8353-FBB0119EAEA3}.Debug|Any CPU.Build.0 = Debug|Any CPU
		{CAB3C393-819B-4978-8353-FBB0119EAEA3}.Release|Any CPU.ActiveCfg = Release|Any CPU
		{CAB3C393-819B-4978-8353-FBB0119EAEA3}.Release|Any CPU.Build.0 = Release|Any CPU
		{735D6731-D3A0-49B8-AD8A-CFD0B7A56DB0}.Debug|Any CPU.ActiveCfg = Debug|Any CPU
		{735D6731-D3A0-49B8-AD8A-CFD0B7A56DB0}.Debug|Any CPU.Build.0 = Debug|Any CPU
		{735D6731-D3A0-49B8-AD8A-CFD0B7A56DB0}.Release|Any CPU.ActiveCfg = Release|Any CPU
		{735D6731-D3A0-49B8-AD8A-CFD0B7A56DB0}.Release|Any CPU.Build.0 = Release|Any CPU
	EndGlobalSection
	GlobalSection(SolutionProperties) = preSolution
		HideSolutionNode = FALSE
	EndGlobalSection
	GlobalSection(ExtensibilityGlobals) = postSolution
		SolutionGuid = {C3E70FA5-E9E9-4720-A7DD-7173BA0B28A5}
	EndGlobalSection
EndGlobal
